
Microsoft Visual Studio Solution File, Format Version 12.00
# Visual Studio Version 17
VisualStudioVersion = 17.9.34701.34
MinimumVisualStudioVersion = 10.0.40219.1
Project("{FAE04EC0-301F-11D3-BF4B-00C04F79EFBC}") = "VanyaHuiSosi", "VanyaHuiSosi\VanyaHuiSosi.csproj", "{2CC0C973-3A75-4798-A78F-A6FD42C126E6}"
EndProject
Global
	GlobalSection(SolutionConfigurationPlatforms) = preSolution
		Debug|Any CPU = Debug|Any CPU
		Release|Any CPU = Release|Any CPU
	EndGlobalSection
	GlobalSection(ProjectConfigurationPlatforms) = postSolution
		{2CC0C973-3A75-4798-A78F-A6FD42C126E6}.Debug|Any CPU.ActiveCfg = Debug|Any CPU
		{2CC0C973-3A75-4798-A78F-A6FD42C126E6}.Debug|Any CPU.Build.0 = Debug|Any CPU
		{2CC0C973-3A75-4798-A78F-A6FD42C126E6}.Release|Any CPU.ActiveCfg = Release|Any CPU
		{2CC0C973-3A75-4798-A78F-A6FD42C126E6}.Release|Any CPU.Build.0 = Release|Any CPU
	EndGlobalSection
	GlobalSection(SolutionProperties) = preSolution
		HideSolutionNode = FALSE
	EndGlobalSection
	GlobalSection(ExtensibilityGlobals) = postSolution
		SolutionGuid = {4E57A562-9AE9-4D4A-8FB0-52215581FD08}
	EndGlobalSection
EndGlobal
